
Microsoft Visual Studio Solution File, Format Version 12.00
# Visual Studio Version 16
VisualStudioVersion = 16.0.30114.105
MinimumVisualStudioVersion = 10.0.40219.1
Project("{FAE04EC0-301F-11D3-BF4B-00C04F79EFBC}") = "FluentValidation.AspNet.AsyncValidationFilter", "src\FluentValidation.AspNet.AsyncValidationFilter.csproj", "{ACC8D95F-FFF5-4A13-99F9-ADBBEDA55E5F}"
EndProject
Project("{FAE04EC0-301F-11D3-BF4B-00C04F79EFBC}") = "FluentValidation.AspNet.AsyncValidationFilter.Tests", "tests\FluentValidation.AspNet.AsyncValidationFilter.Tests.csproj", "{6D5CFA2A-F013-4F98-9325-F3BCAA176891}"
EndProject
Global
	GlobalSection(SolutionConfigurationPlatforms) = preSolution
		Debug|Any CPU = Debug|Any CPU
		Release|Any CPU = Release|Any CPU
	EndGlobalSection
	GlobalSection(SolutionProperties) = preSolution
		HideSolutionNode = FALSE
	EndGlobalSection
	GlobalSection(ProjectConfigurationPlatforms) = postSolution
		{ACC8D95F-FFF5-4A13-99F9-ADBBEDA55E5F}.Debug|Any CPU.ActiveCfg = Debug|Any CPU
		{ACC8D95F-FFF5-4A13-99F9-ADBBEDA55E5F}.Debug|Any CPU.Build.0 = Debug|Any CPU
		{ACC8D95F-FFF5-4A13-99F9-ADBBEDA55E5F}.Release|Any CPU.ActiveCfg = Release|Any CPU
		{ACC8D95F-FFF5-4A13-99F9-ADBBEDA55E5F}.Release|Any CPU.Build.0 = Release|Any CPU
		{6D5CFA2A-F013-4F98-9325-F3BCAA176891}.Debug|Any CPU.ActiveCfg = Debug|Any CPU
		{6D5CFA2A-F013-4F98-9325-F3BCAA176891}.Debug|Any CPU.Build.0 = Debug|Any CPU
		{6D5CFA2A-F013-4F98-9325-F3BCAA176891}.Release|Any CPU.ActiveCfg = Release|Any CPU
		{6D5CFA2A-F013-4F98-9325-F3BCAA176891}.Release|Any CPU.Build.0 = Release|Any CPU
	EndGlobalSection
EndGlobal
